// !$*UTF8*$!
{
	archiveVersion = 1;
	classes = {
	};
	objectVersion = 46;
	objects = {

/* Begin PBXBuildFile section */
		9E943E161DCC3D0100640283 /* AboutViewController.swift in Sources */ = {isa = PBXBuildFile; fileRef = 9E943E151DCC3D0100640283 /* AboutViewController.swift */; };
		9E943E181DCC626D00640283 /* BullsEye.html in Resources */ = {isa = PBXBuildFile; fileRef = 9E943E171DCC626D00640283 /* BullsEye.html */; };
		9E943E1C1DCC6F7A00640283 /* Default-568h@2x.png in Resources */ = {isa = PBXBuildFile; fileRef = 9E943E1B1DCC6F7A00640283 /* Default-568h@2x.png */; };
		9EAA05181DCB00BA0031CFA7 /* AppDelegate.swift in Sources */ = {isa = PBXBuildFile; fileRef = 9EAA05171DCB00BA0031CFA7 /* AppDelegate.swift */; };
		9EAA051A1DCB00BA0031CFA7 /* ViewController.swift in Sources */ = {isa = PBXBuildFile; fileRef = 9EAA05191DCB00BA0031CFA7 /* ViewController.swift */; };
		9EAA051D1DCB00BA0031CFA7 /* Main.storyboard in Resources */ = {isa = PBXBuildFile; fileRef = 9EAA051B1DCB00BA0031CFA7 /* Main.storyboard */; };
		9EAA051F1DCB00BA0031CFA7 /* Assets.xcassets in Resources */ = {isa = PBXBuildFile; fileRef = 9EAA051E1DCB00BA0031CFA7 /* Assets.xcassets */; };
/* End PBXBuildFile section */

/* Begin PBXFileReference section */
		9E943E151DCC3D0100640283 /* AboutViewController.swift */ = {isa = PBXFileReference; fileEncoding = 4; lastKnownFileType = sourcecode.swift; path = AboutViewController.swift; sourceTree = "<group>"; };
		9E943E171DCC626D00640283 /* BullsEye.html */ = {isa = PBXFileReference; fileEncoding = 4; lastKnownFileType = text.html; name = BullsEye.html; path = "../../../../../../Desktop/The iOS Apprentice 1 - Getting Started/Resources/BullsEye.html"; sourceTree = "<group>"; };
		9E943E1B1DCC6F7A00640283 /* Default-568h@2x.png */ = {isa = PBXFileReference; lastKnownFileType = image.png; path = "Default-568h@2x.png"; sourceTree = "<group>"; };
		9EAA05141DCB00BA0031CFA7 /* BullsEye.app */ = {isa = PBXFileReference; explicitFileType = wrapper.application; includeInIndex = 0; path = BullsEye.app; sourceTree = BUILT_PRODUCTS_DIR; };
		9EAA05171DCB00BA0031CFA7 /* AppDelegate.swift */ = {isa = PBXFileReference; lastKnownFileType = sourcecode.swift; path = AppDelegate.swift; sourceTree = "<group>"; };
		9EAA05191DCB00BA0031CFA7 /* ViewController.swift */ = {isa = PBXFileReference; lastKnownFileType = sourcecode.swift; path = ViewController.swift; sourceTree = "<group>"; };
		9EAA051C1DCB00BA0031CFA7 /* Base */ = {isa = PBXFileReference; lastKnownFileType = file.storyboard; name = Base; path = Base.lproj/Main.storyboard; sourceTree = "<group>"; };
		9EAA051E1DCB00BA0031CFA7 /* Assets.xcassets */ = {isa = PBXFileReference; lastKnownFileType = folder.assetcatalog; path = Assets.xcassets; sourceTree = "<group>"; };
		9EAA05231DCB00BA0031CFA7 /* Info.plist */ = {isa = PBXFileReference; lastKnownFileType = text.plist.xml; path = Info.plist; sourceTree = "<group>"; };
/* End PBXFileReference section */

/* Begin PBXFrameworksBuildPhase section */
		9EAA05111DCB00BA0031CFA7 /* Frameworks */ = {
			isa = PBXFrameworksBuildPhase;
			buildActionMask = 2147483647;
			files = (
			);
			runOnlyForDeploymentPostprocessing = 0;
		};
/* End PBXFrameworksBuildPhase section */

/* Begin PBXGroup section */
		9EAA050B1DCB00BA0031CFA7 = {
			isa = PBXGroup;
			children = (
				9EAA05161DCB00BA0031CFA7 /* BullsEye */,
				9EAA05151DCB00BA0031CFA7 /* Products */,
			);
			sourceTree = "<group>";
		};
		9EAA05151DCB00BA0031CFA7 /* Products */ = {
			isa = PBXGroup;
			children = (
				9EAA05141DCB00BA0031CFA7 /* BullsEye.app */,
			);
			name = Products;
			sourceTree = "<group>";
		};
		9EAA05161DCB00BA0031CFA7 /* BullsEye */ = {
			isa = PBXGroup;
			children = (
				9E943E1B1DCC6F7A00640283 /* Default-568h@2x.png */,
				9E943E171DCC626D00640283 /* BullsEye.html */,
				9EAA05171DCB00BA0031CFA7 /* AppDelegate.swift */,
				9EAA05191DCB00BA0031CFA7 /* ViewController.swift */,
				9EAA051B1DCB00BA0031CFA7 /* Main.storyboard */,
				9E943E151DCC3D0100640283 /* AboutViewController.swift */,
				9EAA051E1DCB00BA0031CFA7 /* Assets.xcassets */,
				9EAA05231DCB00BA0031CFA7 /* Info.plist */,
			);
			path = BullsEye;
			sourceTree = "<group>";
		};
/* End PBXGroup section */

/* Begin PBXNativeTarget section */
		9EAA05131DCB00BA0031CFA7 /* BullsEye */ = {
			isa = PBXNativeTarget;
			buildConfigurationList = 9EAA05261DCB00BA0031CFA7 /* Build configuration list for PBXNativeTarget "BullsEye" */;
			buildPhases = (
				9EAA05101DCB00BA0031CFA7 /* Sources */,
				9EAA05111DCB00BA0031CFA7 /* Frameworks */,
				9EAA05121DCB00BA0031CFA7 /* Resources */,
			);
			buildRules = (
			);
			dependencies = (
			);
			name = BullsEye;
			productName = BullsEye;
			productReference = 9EAA05141DCB00BA0031CFA7 /* BullsEye.app */;
			productType = "com.apple.product-type.application";
		};
/* End PBXNativeTarget section */

/* Begin PBXProject section */
		9EAA050C1DCB00BA0031CFA7 /* Project object */ = {
			isa = PBXProject;
			attributes = {
				LastSwiftUpdateCheck = 0730;
				LastUpgradeCheck = 0730;
				ORGANIZATIONNAME = "Jupiter Li";
				TargetAttributes = {
					9EAA05131DCB00BA0031CFA7 = {
						CreatedOnToolsVersion = 7.3.1;
					};
				};
			};
			buildConfigurationList = 9EAA050F1DCB00BA0031CFA7 /* Build configuration list for PBXProject "BullsEye" */;
			compatibilityVersion = "Xcode 3.2";
			developmentRegion = English;
			hasScannedForEncodings = 0;
			knownRegions = (
				en,
				Base,
			);
			mainGroup = 9EAA050B1DCB00BA0031CFA7;
			productRefGroup = 9EAA05151DCB00BA0031CFA7 /* Products */;
			projectDirPath = "";
			projectRoot = "";
			targets = (
				9EAA05131DCB00BA0031CFA7 /* BullsEye */,
			);
		};
/* End PBXProject section */

/* Begin PBXResourcesBuildPhase section */
		9EAA05121DCB00BA0031CFA7 /* Resources */ = {
			isa = PBXResourcesBuildPhase;
			buildActionMask = 2147483647;
			files = (
				9E943E181DCC626D00640283 /* BullsEye.html in Resources */,
				9E943E1C1DCC6F7A00640283 /* Default-568h@2x.png in Resources */,
				9EAA051F1DCB00BA0031CFA7 /* Assets.xcassets in Resources */,
				9EAA051D1DCB00BA0031CFA7 /* Main.storyboard in Resources */,
			);
			runOnlyForDeploymentPostprocessing = 0;
		};
/* End PBXResourcesBuildPhase section */

/* Begin PBXSourcesBuildPhase section */
		9EAA05101DCB00BA0031CFA7 /* Sources */ = {
			isa = PBXSourcesBuildPhase;
			buildActionMask = 2147483647;
			files = (
				9E943E161DCC3D0100640283 /* AboutViewController.swift in Sources */,
				9EAA051A1DCB00BA0031CFA7 /* ViewController.swift in Sources */,
				9EAA05181DCB00BA0031CFA7 /* AppDelegate.swift in Sources */,
			);
			runOnlyForDeploymentPostprocessing = 0;
		};
/* End PBXSourcesBuildPhase section */

/* Begin PBXVariantGroup section */
		9EAA051B1DCB00BA0031CFA7 /* Main.storyboard */ = {
			isa = PBXVariantGroup;
			children = (
				9EAA051C1DCB00BA0031CFA7 /* Base */,
			);
			name = Main.storyboard;
			sourceTree = "<group>";
		};
/* End PBXVariantGroup section */

/* Begin XCBuildConfiguration section */
		9EAA05241DCB00BA0031CFA7 /* Debug */ = {
			isa = XCBuildConfiguration;
			buildSettings = {
				ALWAYS_SEARCH_USER_PATHS = NO;
				CLANG_ANALYZER_NONNULL = YES;
				CLANG_CXX_LANGUAGE_STANDARD = "gnu++0x";
				CLANG_CXX_LIBRARY = "libc++";
				CLANG_ENABLE_MODULES = YES;
				CLANG_ENABLE_OBJC_ARC = YES;
				CLANG_WARN_BOOL_CONVERSION = YES;
				CLANG_WARN_CONSTANT_CONVERSION = YES;
				CLANG_WARN_DIRECT_OBJC_ISA_USAGE = YES_ERROR;
				CLANG_WARN_EMPTY_BODY = YES;
				CLANG_WARN_ENUM_CONVERSION = YES;
				CLANG_WARN_INT_CONVERSION = YES;
				CLANG_WARN_OBJC_ROOT_CLASS = YES_ERROR;
				CLANG_WARN_UNREACHABLE_CODE = YES;
				CLANG_WARN__DUPLICATE_METHOD_MATCH = YES;
				"CODE_SIGN_IDENTITY[sdk=iphoneos*]" = "iPhone Developer";
				COPY_PHASE_STRIP = NO;
				DEBUG_INFORMATION_FORMAT = dwarf;
				ENABLE_STRICT_OBJC_MSGSEND = YES;
				ENABLE_TESTABILITY = YES;
				GCC_C_LANGUAGE_STANDARD = gnu99;
				GCC_DYNAMIC_NO_PIC = NO;
				GCC_NO_COMMON_BLOCKS = YES;
				GCC_OPTIMIZATION_LEVEL = 0;
				GCC_PREPROCESSOR_DEFINITIONS = (
					"DEBUG=1",
					"$(inherited)",
				);
				GCC_WARN_64_TO_32_BIT_CONVERSION = YES;
				GCC_WARN_ABOUT_RETURN_TYPE = YES_ERROR;
				GCC_WARN_UNDECLARED_SELECTOR = YES;
				GCC_WARN_UNINITIALIZED_AUTOS = YES_AGGRESSIVE;
				GCC_WARN_UNUSED_FUNCTION = YES;
				GCC_WARN_UNUSED_VARIABLE = YES;
				IPHONEOS_DEPLOYMENT_TARGET = 9.3;
				MTL_ENABLE_DEBUG_INFO = YES;
				ONLY_ACTIVE_ARCH = YES;
				SDKROOT = iphoneos;
				SWIFT_OPTIMIZATION_LEVEL = "-Onone";
			};
			name = Debug;
		};
		9EAA05251DCB00BA0031CFA7 /* Release */ = {
			isa = XCBuildConfiguration;
			buildSettings = {
				ALWAYS_SEARCH_USER_PATHS = NO;
				CLANG_ANALYZER_NONNULL = YES;
				CLANG_CXX_LANGUAGE_STANDARD = "gnu++0x";
				CLANG_CXX_LIBRARY = "libc++";
				CLANG_ENABLE_MODULES = YES;
				CLANG_ENABLE_OBJC_ARC = YES;
				CLANG_WARN_BOOL_CONVERSION = YES;
				CLANG_WARN_CONSTANT_CONVERSION = YES;
				CLANG_WARN_DIRECT_OBJC_ISA_USAGE = YES_ERROR;
				CLANG_WARN_EMPTY_BODY = YES;
				CLANG_WARN_ENUM_CONVERSION = YES;
				CLANG_WARN_INT_CONVERSION = YES;
				CLANG_WARN_OBJC_ROOT_CLASS = YES_ERROR;
				CLANG_WARN_UNREACHABLE_CODE = YES;
				CLANG_WARN__DUPLICATE_METHOD_MATCH = YES;
				"CODE_SIGN_IDENTITY[sdk=iphoneos*]" = "iPhone Developer";
				COPY_PHASE_STRIP = NO;
				DEBUG_INFORMATION_FORMAT = "dwarf-with-dsym";
				ENABLE_NS_ASSERTIONS = NO;
				ENABLE_STRICT_OBJC_MSGSEND = YES;
				GCC_C_LANGUAGE_STANDARD = gnu99;
				GCC_NO_COMMON_BLOCKS = YES;
				GCC_WARN_64_TO_32_BIT_CONVERSION = YES;
				GCC_WARN_ABOUT_RETURN_TYPE = YES_ERROR;
				GCC_WARN_UNDECLARED_SELECTOR = YES;
				GCC_WARN_UNINITIALIZED_AUTOS = YES_AGGRESSIVE;
				GCC_WARN_UNUSED_FUNCTION = YES;
				GCC_WARN_UNUSED_VARIABLE = YES;
				IPHONEOS_DEPLOYMENT_TARGET = 9.3;
				MTL_ENABLE_DEBUG_INFO = NO;
				SDKROOT = iphoneos;
				VALIDATE_PRODUCT = YES;
			};
			name = Release;
		};
		9EAA05271DCB00BA0031CFA7 /* Debug */ = {
			isa = XCBuildConfiguration;
			buildSettings = {
				ASSETCATALOG_COMPILER_APPICON_NAME = AppIcon;
				INFOPLIST_FILE = BullsEye/Info.plist;
				IPHONEOS_DEPLOYMENT_TARGET = 8.0;
				LD_RUNPATH_SEARCH_PATHS = "$(inherited) @executable_path/Frameworks";
				PRODUCT_BUNDLE_IDENTIFIER = Jupiter.BullsEye;
				PRODUCT_NAME = "$(TARGET_NAME)";
			};
			name = Debug;
		};
		9EAA05281DCB00BA0031CFA7 /* Release */ = {
			isa = XCBuildConfiguration;
			buildSettings = {
				ASSETCATALOG_COMPILER_APPICON_NAME = AppIcon;
				INFOPLIST_FILE = BullsEye/Info.plist;
				IPHONEOS_DEPLOYMENT_TARGET = 8.0;
				LD_RUNPATH_SEARCH_PATHS = "$(inherited) @executable_path/Frameworks";
				PRODUCT_BUNDLE_IDENTIFIER = Jupiter.BullsEye;
				PRODUCT_NAME = "$(TARGET_NAME)";
			};
			name = Release;
		};
/* End XCBuildConfiguration section */

/* Begin XCConfigurationList section */
		9EAA050F1DCB00BA0031CFA7 /* Build configuration list for PBXProject "BullsEye" */ = {
			isa = XCConfigurationList;
			buildConfigurations = (
				9EAA05241DCB00BA0031CFA7 /* Debug */,
				9EAA05251DCB00BA0031CFA7 /* Release */,
			);
			defaultConfigurationIsVisible = 0;
			defaultConfigurationName = Release;
		};
		9EAA05261DCB00BA0031CFA7 /* Build configuration list for PBXNativeTarget "BullsEye" */ = {
			isa = XCConfigurationList;
			buildConfigurations = (
				9EAA05271DCB00BA0031CFA7 /* Debug */,
				9EAA05281DCB00BA0031CFA7 /* Release */,
			);
			defaultConfigurationIsVisible = 0;
			defaultConfigurationName = Release;
		};
/* End XCConfigurationList section */
	};
	rootObject = 9EAA050C1DCB00BA0031CFA7 /* Project object */;
}
